
Microsoft Visual Studio Solution File, Format Version 12.00
# Visual Studio Version 16
VisualStudioVersion = 16.0.29215.179
MinimumVisualStudioVersion = 10.0.40219.1
Project("{8BC9CEB8-8B4A-11D0-8D11-00A0C91BC942}") = "Project6", "Project6.vcxproj", "{C6B041B8-236C-498B-9B72-91D92A8935AB}"
EndProject
Global
	GlobalSection(SolutionConfigurationPlatforms) = preSolution
		Debug|x64 = Debug|x64
		Debug|x86 = Debug|x86
		Release|x64 = Release|x64
		Release|x86 = Release|x86
	EndGlobalSection
	GlobalSection(ProjectConfigurationPlatforms) = postSolution
		{C6B041B8-236C-498B-9B72-91D92A8935AB}.Debug|x64.ActiveCfg = Debug|x64
		{C6B041B8-236C-498B-9B72-91D92A8935AB}.Debug|x64.Build.0 = Debug|x64
		{C6B041B8-236C-498B-9B72-91D92A8935AB}.Debug|x86.ActiveCfg = Debug|Win32
		{C6B041B8-236C-498B-9B72-91D92A8935AB}.Debug|x86.Build.0 = Debug|Win32
		{C6B041B8-236C-498B-9B72-91D92A8935AB}.Release|x64.ActiveCfg = Release|x64
		{C6B041B8-236C-498B-9B72-91D92A8935AB}.Release|x64.Build.0 = Release|x64
		{C6B041B8-236C-498B-9B72-91D92A8935AB}.Release|x86.ActiveCfg = Release|Win32
		{C6B041B8-236C-498B-9B72-91D92A8935AB}.Release|x86.Build.0 = Release|Win32
	EndGlobalSection
	GlobalSection(SolutionProperties) = preSolution
		HideSolutionNode = FALSE
	EndGlobalSection
	GlobalSection(ExtensibilityGlobals) = postSolution
		SolutionGuid = {865CC05B-5643-4EEA-9C4E-56EC36C00801}
	EndGlobalSection
EndGlobal
